
Microsoft Visual Studio Solution File, Format Version 12.00
# Visual Studio Version 17
VisualStudioVersion = 17.3.32929.385
MinimumVisualStudioVersion = 10.0.40219.1
Project("{9A19103F-16F7-4668-BE54-9A1E7A4F7556}") = "FabricOwl", "FabricOwl\FabricOwl.csproj", "{64B6C8EF-F70D-4627-8903-2B38BB616EE8}"
EndProject
Project("{FAE04EC0-301F-11D3-BF4B-00C04F79EFBC}") = "HTTPRequests", "HTTPRequests\HTTPRequests.csproj", "{63E03A35-D1A2-4B4A-A799-ED9F42813E2B}"
EndProject
Global
	GlobalSection(SolutionConfigurationPlatforms) = preSolution
		Debug|Any CPU = Debug|Any CPU
		Release|Any CPU = Release|Any CPU
	EndGlobalSection
	GlobalSection(ProjectConfigurationPlatforms) = postSolution
		{64B6C8EF-F70D-4627-8903-2B38BB616EE8}.Debug|Any CPU.ActiveCfg = Debug|Any CPU
		{64B6C8EF-F70D-4627-8903-2B38BB616EE8}.Debug|Any CPU.Build.0 = Debug|Any CPU
		{64B6C8EF-F70D-4627-8903-2B38BB616EE8}.Release|Any CPU.ActiveCfg = Release|Any CPU
		{64B6C8EF-F70D-4627-8903-2B38BB616EE8}.Release|Any CPU.Build.0 = Release|Any CPU
		{63E03A35-D1A2-4B4A-A799-ED9F42813E2B}.Debug|Any CPU.ActiveCfg = Debug|Any CPU
		{63E03A35-D1A2-4B4A-A799-ED9F42813E2B}.Debug|Any CPU.Build.0 = Debug|Any CPU
		{63E03A35-D1A2-4B4A-A799-ED9F42813E2B}.Release|Any CPU.ActiveCfg = Release|Any CPU
		{63E03A35-D1A2-4B4A-A799-ED9F42813E2B}.Release|Any CPU.Build.0 = Release|Any CPU
	EndGlobalSection
	GlobalSection(SolutionProperties) = preSolution
		HideSolutionNode = FALSE
	EndGlobalSection
	GlobalSection(ExtensibilityGlobals) = postSolution
		SolutionGuid = {92773EA5-C444-44CD-8F46-722634EACB1A}
	EndGlobalSection
EndGlobal
