
Microsoft Visual Studio Solution File, Format Version 12.00
# Visual Studio Version 17
VisualStudioVersion = 17.3.32929.385
MinimumVisualStudioVersion = 10.0.40219.1
Project("{9A19103F-16F7-4668-BE54-9A1E7A4F7556}") = "FabricOwl", "FabricOwl\FabricOwl.csproj", "{64B6C8EF-F70D-4627-8903-2B38BB616EE8}"
EndProject
Project("{9A19103F-16F7-4668-BE54-9A1E7A4F7556}") = "HTTPRequests", "HTTPRequests\HTTPRequests.csproj", "{63E03A35-D1A2-4B4A-A799-ED9F42813E2B}"
EndProject
Project("{9A19103F-16F7-4668-BE54-9A1E7A4F7556}") = "FabricOwlTests", "FabricOwlTests\FabricOwlTests.csproj", "{22DEC0B0-1E82-4F88-98F4-E6C0484956D1}"
EndProject
Project("{9A19103F-16F7-4668-BE54-9A1E7A4F7556}") = "Api", "Api\Api.csproj", "{2C25CB4F-0264-41F2-97F6-97CD8D75267E}"
EndProject
Global
	GlobalSection(SolutionConfigurationPlatforms) = preSolution
		Debug|Any CPU = Debug|Any CPU
		Debug|x64 = Debug|x64
		Release|Any CPU = Release|Any CPU
		Release|x64 = Release|x64
	EndGlobalSection
	GlobalSection(ProjectConfigurationPlatforms) = postSolution
		{64B6C8EF-F70D-4627-8903-2B38BB616EE8}.Debug|Any CPU.ActiveCfg = Debug|x64
		{64B6C8EF-F70D-4627-8903-2B38BB616EE8}.Debug|Any CPU.Build.0 = Debug|x64
		{64B6C8EF-F70D-4627-8903-2B38BB616EE8}.Debug|x64.ActiveCfg = Debug|x64
		{64B6C8EF-F70D-4627-8903-2B38BB616EE8}.Debug|x64.Build.0 = Debug|x64
		{64B6C8EF-F70D-4627-8903-2B38BB616EE8}.Release|Any CPU.ActiveCfg = Release|Any CPU
		{64B6C8EF-F70D-4627-8903-2B38BB616EE8}.Release|Any CPU.Build.0 = Release|Any CPU
		{64B6C8EF-F70D-4627-8903-2B38BB616EE8}.Release|x64.ActiveCfg = Release|x64
		{64B6C8EF-F70D-4627-8903-2B38BB616EE8}.Release|x64.Build.0 = Release|x64
		{63E03A35-D1A2-4B4A-A799-ED9F42813E2B}.Debug|Any CPU.ActiveCfg = Debug|x64
		{63E03A35-D1A2-4B4A-A799-ED9F42813E2B}.Debug|Any CPU.Build.0 = Debug|x64
		{63E03A35-D1A2-4B4A-A799-ED9F42813E2B}.Debug|x64.ActiveCfg = Debug|x64
		{63E03A35-D1A2-4B4A-A799-ED9F42813E2B}.Debug|x64.Build.0 = Debug|x64
		{63E03A35-D1A2-4B4A-A799-ED9F42813E2B}.Release|Any CPU.ActiveCfg = Release|Any CPU
		{63E03A35-D1A2-4B4A-A799-ED9F42813E2B}.Release|Any CPU.Build.0 = Release|Any CPU
		{63E03A35-D1A2-4B4A-A799-ED9F42813E2B}.Release|x64.ActiveCfg = Release|x64
		{63E03A35-D1A2-4B4A-A799-ED9F42813E2B}.Release|x64.Build.0 = Release|x64
		{22DEC0B0-1E82-4F88-98F4-E6C0484956D1}.Debug|Any CPU.ActiveCfg = Debug|x64
		{22DEC0B0-1E82-4F88-98F4-E6C0484956D1}.Debug|Any CPU.Build.0 = Debug|x64
		{22DEC0B0-1E82-4F88-98F4-E6C0484956D1}.Debug|x64.ActiveCfg = Debug|x64
		{22DEC0B0-1E82-4F88-98F4-E6C0484956D1}.Debug|x64.Build.0 = Debug|x64
		{22DEC0B0-1E82-4F88-98F4-E6C0484956D1}.Release|Any CPU.ActiveCfg = Release|x64
		{22DEC0B0-1E82-4F88-98F4-E6C0484956D1}.Release|x64.ActiveCfg = Release|x64
		{22DEC0B0-1E82-4F88-98F4-E6C0484956D1}.Release|x64.Build.0 = Release|x64
		{2C25CB4F-0264-41F2-97F6-97CD8D75267E}.Debug|Any CPU.ActiveCfg = Debug|x64
		{2C25CB4F-0264-41F2-97F6-97CD8D75267E}.Debug|Any CPU.Build.0 = Debug|x64
		{2C25CB4F-0264-41F2-97F6-97CD8D75267E}.Debug|x64.ActiveCfg = Debug|x64
		{2C25CB4F-0264-41F2-97F6-97CD8D75267E}.Debug|x64.Build.0 = Debug|x64
		{2C25CB4F-0264-41F2-97F6-97CD8D75267E}.Release|Any CPU.ActiveCfg = Release|Any CPU
		{2C25CB4F-0264-41F2-97F6-97CD8D75267E}.Release|Any CPU.Build.0 = Release|Any CPU
		{2C25CB4F-0264-41F2-97F6-97CD8D75267E}.Release|x64.ActiveCfg = Release|x64
		{2C25CB4F-0264-41F2-97F6-97CD8D75267E}.Release|x64.Build.0 = Release|x64
	EndGlobalSection
	GlobalSection(SolutionProperties) = preSolution
		HideSolutionNode = FALSE
	EndGlobalSection
	GlobalSection(ExtensibilityGlobals) = postSolution
		SolutionGuid = {92773EA5-C444-44CD-8F46-722634EACB1A}
	EndGlobalSection
EndGlobal
